
Microsoft Visual Studio Solution File, Format Version 12.00
# Visual Studio Version 17
VisualStudioVersion = 17.14.36327.8 d17.14
MinimumVisualStudioVersion = 10.0.40219.1
Project("{FAE04EC0-301F-11D3-BF4B-00C04F79EFBC}") = "MigrarDados", "MigrarDados.csproj", "{CFA6C57F-44BD-414E-AECF-18B5F074D634}"
EndProject
Global
	GlobalSection(SolutionConfigurationPlatforms) = preSolution
		Debug|Any CPU = Debug|Any CPU
		Release|Any CPU = Release|Any CPU
	EndGlobalSection
	GlobalSection(ProjectConfigurationPlatforms) = postSolution
		{CFA6C57F-44BD-414E-AECF-18B5F074D634}.Debug|Any CPU.ActiveCfg = Debug|Any CPU
		{CFA6C57F-44BD-414E-AECF-18B5F074D634}.Debug|Any CPU.Build.0 = Debug|Any CPU
		{CFA6C57F-44BD-414E-AECF-18B5F074D634}.Release|Any CPU.ActiveCfg = Release|Any CPU
		{CFA6C57F-44BD-414E-AECF-18B5F074D634}.Release|Any CPU.Build.0 = Release|Any CPU
	EndGlobalSection
	GlobalSection(SolutionProperties) = preSolution
		HideSolutionNode = FALSE
	EndGlobalSection
	GlobalSection(ExtensibilityGlobals) = postSolution
		SolutionGuid = {05872B8A-772B-40C2-986E-92854F7E5789}
	EndGlobalSection
EndGlobal
